
Microsoft Visual Studio Solution File, Format Version 12.00
# Visual Studio Version 17
VisualStudioVersion = 17.3.32811.315
MinimumVisualStudioVersion = 10.0.40219.1
Project("{FAE04EC0-301F-11D3-BF4B-00C04F79EFBC}") = "P02_FootballBetting", "01-Student-System\P02_FootballBetting.csproj", "{594C0321-C7C9-47E8-BC93-175979B582F9}"
EndProject
Project("{FAE04EC0-301F-11D3-BF4B-00C04F79EFBC}") = "P02_FootballBetting.Data", "P02_FootballBetting.Data\P02_FootballBetting.Data.csproj", "{17ADBE8F-8CF8-4338-8B79-61F653E06F25}"
EndProject
Project("{FAE04EC0-301F-11D3-BF4B-00C04F79EFBC}") = "P02_FootballBetting.Data.Models", "P02_FootballBetting.Data.Models\P02_FootballBetting.Data.Models.csproj", "{1A69F513-B049-4930-BDAE-390E4B8510F1}"
EndProject
Project("{FAE04EC0-301F-11D3-BF4B-00C04F79EFBC}") = "P02_FootballBetting.Data.Common", "P02_FootballBetting.Data.Common\P02_FootballBetting.Data.Common.csproj", "{F3C9DF81-7A32-4B1A-8808-2D869A448859}"
EndProject
Global
	GlobalSection(SolutionConfigurationPlatforms) = preSolution
		Debug|Any CPU = Debug|Any CPU
		Release|Any CPU = Release|Any CPU
	EndGlobalSection
	GlobalSection(ProjectConfigurationPlatforms) = postSolution
		{594C0321-C7C9-47E8-BC93-175979B582F9}.Debug|Any CPU.ActiveCfg = Debug|Any CPU
		{594C0321-C7C9-47E8-BC93-175979B582F9}.Debug|Any CPU.Build.0 = Debug|Any CPU
		{594C0321-C7C9-47E8-BC93-175979B582F9}.Release|Any CPU.ActiveCfg = Release|Any CPU
		{594C0321-C7C9-47E8-BC93-175979B582F9}.Release|Any CPU.Build.0 = Release|Any CPU
		{17ADBE8F-8CF8-4338-8B79-61F653E06F25}.Debug|Any CPU.ActiveCfg = Debug|Any CPU
		{17ADBE8F-8CF8-4338-8B79-61F653E06F25}.Debug|Any CPU.Build.0 = Debug|Any CPU
		{17ADBE8F-8CF8-4338-8B79-61F653E06F25}.Release|Any CPU.ActiveCfg = Release|Any CPU
		{17ADBE8F-8CF8-4338-8B79-61F653E06F25}.Release|Any CPU.Build.0 = Release|Any CPU
		{1A69F513-B049-4930-BDAE-390E4B8510F1}.Debug|Any CPU.ActiveCfg = Debug|Any CPU
		{1A69F513-B049-4930-BDAE-390E4B8510F1}.Debug|Any CPU.Build.0 = Debug|Any CPU
		{1A69F513-B049-4930-BDAE-390E4B8510F1}.Release|Any CPU.ActiveCfg = Release|Any CPU
		{1A69F513-B049-4930-BDAE-390E4B8510F1}.Release|Any CPU.Build.0 = Release|Any CPU
		{F3C9DF81-7A32-4B1A-8808-2D869A448859}.Debug|Any CPU.ActiveCfg = Debug|Any CPU
		{F3C9DF81-7A32-4B1A-8808-2D869A448859}.Debug|Any CPU.Build.0 = Debug|Any CPU
		{F3C9DF81-7A32-4B1A-8808-2D869A448859}.Release|Any CPU.ActiveCfg = Release|Any CPU
		{F3C9DF81-7A32-4B1A-8808-2D869A448859}.Release|Any CPU.Build.0 = Release|Any CPU
	EndGlobalSection
	GlobalSection(SolutionProperties) = preSolution
		HideSolutionNode = FALSE
	EndGlobalSection
	GlobalSection(ExtensibilityGlobals) = postSolution
		SolutionGuid = {EEA2D678-A448-47D0-AF39-6DF6B5CA70AC}
	EndGlobalSection
EndGlobal
